// !$*UTF8*$!
{
	archiveVersion = 1;
	classes = {
	};
	objectVersion = 50;
	objects = {

/* Begin PBXBuildFile section */
		FC1086D2258D354600818981 /* AppDelegate.swift in Sources */ = {isa = PBXBuildFile; fileRef = FC1086D1258D354600818981 /* AppDelegate.swift */; };
		FC1086D4258D354600818981 /* SceneDelegate.swift in Sources */ = {isa = PBXBuildFile; fileRef = FC1086D3258D354600818981 /* SceneDelegate.swift */; };
		FC1086D6258D354600818981 /* ViewController.swift in Sources */ = {isa = PBXBuildFile; fileRef = FC1086D5258D354600818981 /* ViewController.swift */; };
		FC1086D9258D354600818981 /* Main.storyboard in Resources */ = {isa = PBXBuildFile; fileRef = FC1086D7258D354600818981 /* Main.storyboard */; };
		FC1086DB258D354A00818981 /* Assets.xcassets in Resources */ = {isa = PBXBuildFile; fileRef = FC1086DA258D354A00818981 /* Assets.xcassets */; };
		FC1086DE258D354A00818981 /* LaunchScreen.storyboard in Resources */ = {isa = PBXBuildFile; fileRef = FC1086DC258D354A00818981 /* LaunchScreen.storyboard */; };
		FC108706258D3EC900818981 /* WordsTableViewCell.swift in Sources */ = {isa = PBXBuildFile; fileRef = FC108705258D3EC900818981 /* WordsTableViewCell.swift */; };
/* End PBXBuildFile section */

/* Begin PBXFileReference section */
		FC1086CE258D354600818981 /* iDemand.app */ = {isa = PBXFileReference; explicitFileType = wrapper.application; includeInIndex = 0; path = iDemand.app; sourceTree = BUILT_PRODUCTS_DIR; };
		FC1086D1258D354600818981 /* AppDelegate.swift */ = {isa = PBXFileReference; lastKnownFileType = sourcecode.swift; path = AppDelegate.swift; sourceTree = "<group>"; };
		FC1086D3258D354600818981 /* SceneDelegate.swift */ = {isa = PBXFileReference; lastKnownFileType = sourcecode.swift; path = SceneDelegate.swift; sourceTree = "<group>"; };
		FC1086D5258D354600818981 /* ViewController.swift */ = {isa = PBXFileReference; lastKnownFileType = sourcecode.swift; path = ViewController.swift; sourceTree = "<group>"; };
		FC1086D8258D354600818981 /* Base */ = {isa = PBXFileReference; lastKnownFileType = file.storyboard; name = Base; path = Base.lproj/Main.storyboard; sourceTree = "<group>"; };
		FC1086DA258D354A00818981 /* Assets.xcassets */ = {isa = PBXFileReference; lastKnownFileType = folder.assetcatalog; path = Assets.xcassets; sourceTree = "<group>"; };
		FC1086DD258D354A00818981 /* Base */ = {isa = PBXFileReference; lastKnownFileType = file.storyboard; name = Base; path = Base.lproj/LaunchScreen.storyboard; sourceTree = "<group>"; };
		FC1086DF258D354A00818981 /* Info.plist */ = {isa = PBXFileReference; lastKnownFileType = text.plist.xml; path = Info.plist; sourceTree = "<group>"; };
		FC108705258D3EC900818981 /* WordsTableViewCell.swift */ = {isa = PBXFileReference; lastKnownFileType = sourcecode.swift; path = WordsTableViewCell.swift; sourceTree = "<group>"; };
/* End PBXFileReference section */

/* Begin PBXFrameworksBuildPhase section */
		FC1086CB258D354600818981 /* Frameworks */ = {
			isa = PBXFrameworksBuildPhase;
			buildActionMask = 2147483647;
			files = (
			);
			runOnlyForDeploymentPostprocessing = 0;
		};
/* End PBXFrameworksBuildPhase section */

/* Begin PBXGroup section */
		FC1086C5258D354600818981 = {
			isa = PBXGroup;
			children = (
				FC1086D0258D354600818981 /* iDemand Highest Grade */,
				FC1086CF258D354600818981 /* Products */,
			);
			sourceTree = "<group>";
		};
		FC1086CF258D354600818981 /* Products */ = {
			isa = PBXGroup;
			children = (
				FC1086CE258D354600818981 /* iDemand.app */,
			);
			name = Products;
			sourceTree = "<group>";
		};
		FC1086D0258D354600818981 /* iDemand Highest Grade */ = {
			isa = PBXGroup;
			children = (
				FC1086D1258D354600818981 /* AppDelegate.swift */,
				FC1086D3258D354600818981 /* SceneDelegate.swift */,
				FC1086D5258D354600818981 /* ViewController.swift */,
				FC108705258D3EC900818981 /* WordsTableViewCell.swift */,
				FC1086D7258D354600818981 /* Main.storyboard */,
				FC1086DA258D354A00818981 /* Assets.xcassets */,
				FC1086DC258D354A00818981 /* LaunchScreen.storyboard */,
				FC1086DF258D354A00818981 /* Info.plist */,
			);
			path = "iDemand Highest Grade";
			sourceTree = "<group>";
		};
/* End PBXGroup section */

/* Begin PBXNativeTarget section */
		FC1086CD258D354600818981 /* iDemand Highest Grade */ = {
			isa = PBXNativeTarget;
			buildConfigurationList = FC1086E2258D354A00818981 /* Build configuration list for PBXNativeTarget "iDemand Highest Grade" */;
			buildPhases = (
				FC1086CA258D354600818981 /* Sources */,
				FC1086CB258D354600818981 /* Frameworks */,
				FC1086CC258D354600818981 /* Resources */,
			);
			buildRules = (
			);
			dependencies = (
			);
			name = "iDemand Highest Grade";
			productName = "iDemand Highest Grade";
			productReference = FC1086CE258D354600818981 /* iDemand.app */;
			productType = "com.apple.product-type.application";
		};
/* End PBXNativeTarget section */

/* Begin PBXProject section */
		FC1086C6258D354600818981 /* Project object */ = {
			isa = PBXProject;
			attributes = {
				LastSwiftUpdateCheck = 1130;
				LastUpgradeCheck = 1130;
				ORGANIZATIONNAME = "Safaralibek Murodov";
				TargetAttributes = {
					FC1086CD258D354600818981 = {
						CreatedOnToolsVersion = 11.3.1;
					};
				};
			};
			buildConfigurationList = FC1086C9258D354600818981 /* Build configuration list for PBXProject "iDemand Highest Grade" */;
			compatibilityVersion = "Xcode 9.3";
			developmentRegion = en;
			hasScannedForEncodings = 0;
			knownRegions = (
				en,
				Base,
			);
			mainGroup = FC1086C5258D354600818981;
			productRefGroup = FC1086CF258D354600818981 /* Products */;
			projectDirPath = "";
			projectRoot = "";
			targets = (
				FC1086CD258D354600818981 /* iDemand Highest Grade */,
			);
		};
/* End PBXProject section */

/* Begin PBXResourcesBuildPhase section */
		FC1086CC258D354600818981 /* Resources */ = {
			isa = PBXResourcesBuildPhase;
			buildActionMask = 2147483647;
			files = (
				FC1086DE258D354A00818981 /* LaunchScreen.storyboard in Resources */,
				FC1086DB258D354A00818981 /* Assets.xcassets in Resources */,
				FC1086D9258D354600818981 /* Main.storyboard in Resources */,
			);
			runOnlyForDeploymentPostprocessing = 0;
		};
/* End PBXResourcesBuildPhase section */

/* Begin PBXSourcesBuildPhase section */
		FC1086CA258D354600818981 /* Sources */ = {
			isa = PBXSourcesBuildPhase;
			buildActionMask = 2147483647;
			files = (
				FC1086D6258D354600818981 /* ViewController.swift in Sources */,
				FC108706258D3EC900818981 /* WordsTableViewCell.swift in Sources */,
				FC1086D2258D354600818981 /* AppDelegate.swift in Sources */,
				FC1086D4258D354600818981 /* SceneDelegate.swift in Sources */,
			);
			runOnlyForDeploymentPostprocessing = 0;
		};
/* End PBXSourcesBuildPhase section */

/* Begin PBXVariantGroup section */
		FC1086D7258D354600818981 /* Main.storyboard */ = {
			isa = PBXVariantGroup;
			children = (
				FC1086D8258D354600818981 /* Base */,
			);
			name = Main.storyboard;
			sourceTree = "<group>";
		};
		FC1086DC258D354A00818981 /* LaunchScreen.storyboard */ = {
			isa = PBXVariantGroup;
			children = (
				FC1086DD258D354A00818981 /* Base */,
			);
			name = LaunchScreen.storyboard;
			sourceTree = "<group>";
		};
/* End PBXVariantGroup section */

/* Begin XCBuildConfiguration section */
		FC1086E0258D354A00818981 /* Debug */ = {
			isa = XCBuildConfiguration;
			buildSettings = {
				ALWAYS_SEARCH_USER_PATHS = NO;
				CLANG_ANALYZER_NONNULL = YES;
				CLANG_ANALYZER_NUMBER_OBJECT_CONVERSION = YES_AGGRESSIVE;
				CLANG_CXX_LANGUAGE_STANDARD = "gnu++14";
				CLANG_CXX_LIBRARY = "libc++";
				CLANG_ENABLE_MODULES = YES;
				CLANG_ENABLE_OBJC_ARC = YES;
				CLANG_ENABLE_OBJC_WEAK = YES;
				CLANG_WARN_BLOCK_CAPTURE_AUTORELEASING = YES;
				CLANG_WARN_BOOL_CONVERSION = YES;
				CLANG_WARN_COMMA = YES;
				CLANG_WARN_CONSTANT_CONVERSION = YES;
				CLANG_WARN_DEPRECATED_OBJC_IMPLEMENTATIONS = YES;
				CLANG_WARN_DIRECT_OBJC_ISA_USAGE = YES_ERROR;
				CLANG_WARN_DOCUMENTATION_COMMENTS = YES;
				CLANG_WARN_EMPTY_BODY = YES;
				CLANG_WARN_ENUM_CONVERSION = YES;
				CLANG_WARN_INFINITE_RECURSION = YES;
				CLANG_WARN_INT_CONVERSION = YES;
				CLANG_WARN_NON_LITERAL_NULL_CONVERSION = YES;
				CLANG_WARN_OBJC_IMPLICIT_RETAIN_SELF = YES;
				CLANG_WARN_OBJC_LITERAL_CONVERSION = YES;
				CLANG_WARN_OBJC_ROOT_CLASS = YES_ERROR;
				CLANG_WARN_RANGE_LOOP_ANALYSIS = YES;
				CLANG_WARN_STRICT_PROTOTYPES = YES;
				CLANG_WARN_SUSPICIOUS_MOVE = YES;
				CLANG_WARN_UNGUARDED_AVAILABILITY = YES_AGGRESSIVE;
				CLANG_WARN_UNREACHABLE_CODE = YES;
				CLANG_WARN__DUPLICATE_METHOD_MATCH = YES;
				COPY_PHASE_STRIP = NO;
				DEBUG_INFORMATION_FORMAT = dwarf;
				ENABLE_STRICT_OBJC_MSGSEND = YES;
				ENABLE_TESTABILITY = YES;
				GCC_C_LANGUAGE_STANDARD = gnu11;
				GCC_DYNAMIC_NO_PIC = NO;
				GCC_NO_COMMON_BLOCKS = YES;
				GCC_OPTIMIZATION_LEVEL = 0;
				GCC_PREPROCESSOR_DEFINITIONS = (
					"DEBUG=1",
					"$(inherited)",
				);
				GCC_WARN_64_TO_32_BIT_CONVERSION = YES;
				GCC_WARN_ABOUT_RETURN_TYPE = YES_ERROR;
				GCC_WARN_UNDECLARED_SELECTOR = YES;
				GCC_WARN_UNINITIALIZED_AUTOS = YES_AGGRESSIVE;
				GCC_WARN_UNUSED_FUNCTION = YES;
				GCC_WARN_UNUSED_VARIABLE = YES;
				IPHONEOS_DEPLOYMENT_TARGET = 13.0;
				MTL_ENABLE_DEBUG_INFO = INCLUDE_SOURCE;
				MTL_FAST_MATH = YES;
				ONLY_ACTIVE_ARCH = YES;
				SDKROOT = iphoneos;
				SWIFT_ACTIVE_COMPILATION_CONDITIONS = DEBUG;
				SWIFT_OPTIMIZATION_LEVEL = "-Onone";
			};
			name = Debug;
		};
		FC1086E1258D354A00818981 /* Release */ = {
			isa = XCBuildConfiguration;
			buildSettings = {
				ALWAYS_SEARCH_USER_PATHS = NO;
				CLANG_ANALYZER_NONNULL = YES;
				CLANG_ANALYZER_NUMBER_OBJECT_CONVERSION = YES_AGGRESSIVE;
				CLANG_CXX_LANGUAGE_STANDARD = "gnu++14";
				CLANG_CXX_LIBRARY = "libc++";
				CLANG_ENABLE_MODULES = YES;
				CLANG_ENABLE_OBJC_ARC = YES;
				CLANG_ENABLE_OBJC_WEAK = YES;
				CLANG_WARN_BLOCK_CAPTURE_AUTORELEASING = YES;
				CLANG_WARN_BOOL_CONVERSION = YES;
				CLANG_WARN_COMMA = YES;
				CLANG_WARN_CONSTANT_CONVERSION = YES;
				CLANG_WARN_DEPRECATED_OBJC_IMPLEMENTATIONS = YES;
				CLANG_WARN_DIRECT_OBJC_ISA_USAGE = YES_ERROR;
				CLANG_WARN_DOCUMENTATION_COMMENTS = YES;
				CLANG_WARN_EMPTY_BODY = YES;
				CLANG_WARN_ENUM_CONVERSION = YES;
				CLANG_WARN_INFINITE_RECURSION = YES;
				CLANG_WARN_INT_CONVERSION = YES;
				CLANG_WARN_NON_LITERAL_NULL_CONVERSION = YES;
				CLANG_WARN_OBJC_IMPLICIT_RETAIN_SELF = YES;
				CLANG_WARN_OBJC_LITERAL_CONVERSION = YES;
				CLANG_WARN_OBJC_ROOT_CLASS = YES_ERROR;
				CLANG_WARN_RANGE_LOOP_ANALYSIS = YES;
				CLANG_WARN_STRICT_PROTOTYPES = YES;
				CLANG_WARN_SUSPICIOUS_MOVE = YES;
				CLANG_WARN_UNGUARDED_AVAILABILITY = YES_AGGRESSIVE;
				CLANG_WARN_UNREACHABLE_CODE = YES;
				CLANG_WARN__DUPLICATE_METHOD_MATCH = YES;
				COPY_PHASE_STRIP = NO;
				DEBUG_INFORMATION_FORMAT = "dwarf-with-dsym";
				ENABLE_NS_ASSERTIONS = NO;
				ENABLE_STRICT_OBJC_MSGSEND = YES;
				GCC_C_LANGUAGE_STANDARD = gnu11;
				GCC_NO_COMMON_BLOCKS = YES;
				GCC_WARN_64_TO_32_BIT_CONVERSION = YES;
				GCC_WARN_ABOUT_RETURN_TYPE = YES_ERROR;
				GCC_WARN_UNDECLARED_SELECTOR = YES;
				GCC_WARN_UNINITIALIZED_AUTOS = YES_AGGRESSIVE;
				GCC_WARN_UNUSED_FUNCTION = YES;
				GCC_WARN_UNUSED_VARIABLE = YES;
				IPHONEOS_DEPLOYMENT_TARGET = 13.0;
				MTL_ENABLE_DEBUG_INFO = NO;
				MTL_FAST_MATH = YES;
				SDKROOT = iphoneos;
				SWIFT_COMPILATION_MODE = wholemodule;
				SWIFT_OPTIMIZATION_LEVEL = "-O";
				VALIDATE_PRODUCT = YES;
			};
			name = Release;
		};
		FC1086E3258D354A00818981 /* Debug */ = {
			isa = XCBuildConfiguration;
			buildSettings = {
				ASSETCATALOG_COMPILER_APPICON_NAME = AppIcon;
				CODE_SIGN_STYLE = Automatic;
				DEVELOPMENT_TEAM = HRY8XS3458;
				INFOPLIST_FILE = "iDemand Highest Grade/Info.plist";
				IPHONEOS_DEPLOYMENT_TARGET = 13.0;
				LD_RUNPATH_SEARCH_PATHS = (
					"$(inherited)",
					"@executable_path/Frameworks",
				);
				PRODUCT_BUNDLE_IDENTIFIER = "com.mamadnazar.iDemand-Highest-Grade";
				PRODUCT_NAME = iDemand;
				SWIFT_VERSION = 5.0;
				TARGETED_DEVICE_FAMILY = 1;
			};
			name = Debug;
		};
		FC1086E4258D354A00818981 /* Release */ = {
			isa = XCBuildConfiguration;
			buildSettings = {
				ASSETCATALOG_COMPILER_APPICON_NAME = AppIcon;
				CODE_SIGN_STYLE = Automatic;
				DEVELOPMENT_TEAM = HRY8XS3458;
				INFOPLIST_FILE = "iDemand Highest Grade/Info.plist";
				IPHONEOS_DEPLOYMENT_TARGET = 13.0;
				LD_RUNPATH_SEARCH_PATHS = (
					"$(inherited)",
					"@executable_path/Frameworks",
				);
				PRODUCT_BUNDLE_IDENTIFIER = "com.mamadnazar.iDemand-Highest-Grade";
				PRODUCT_NAME = iDemand;
				SWIFT_VERSION = 5.0;
				TARGETED_DEVICE_FAMILY = 1;
			};
			name = Release;
		};
/* End XCBuildConfiguration section */

/* Begin XCConfigurationList section */
		FC1086C9258D354600818981 /* Build configuration list for PBXProject "iDemand Highest Grade" */ = {
			isa = XCConfigurationList;
			buildConfigurations = (
				FC1086E0258D354A00818981 /* Debug */,
				FC1086E1258D354A00818981 /* Release */,
			);
			defaultConfigurationIsVisible = 0;
			defaultConfigurationName = Release;
		};
		FC1086E2258D354A00818981 /* Build configuration list for PBXNativeTarget "iDemand Highest Grade" */ = {
			isa = XCConfigurationList;
			buildConfigurations = (
				FC1086E3258D354A00818981 /* Debug */,
				FC1086E4258D354A00818981 /* Release */,
			);
			defaultConfigurationIsVisible = 0;
			defaultConfigurationName = Release;
		};
/* End XCConfigurationList section */
	};
	rootObject = FC1086C6258D354600818981 /* Project object */;
}
